// !$*UTF8*$!
{
	archiveVersion = 1;
	classes = {
	};
	objectVersion = 55;
	objects = {

/* Begin PBXBuildFile section */
		220C92BD27A3F81D00D849F2 /* AppDelegate.swift in Sources */ = {isa = PBXBuildFile; fileRef = 220C92BC27A3F81D00D849F2 /* AppDelegate.swift */; };
		220C92BF27A3F81D00D849F2 /* SceneDelegate.swift in Sources */ = {isa = PBXBuildFile; fileRef = 220C92BE27A3F81D00D849F2 /* SceneDelegate.swift */; };
		220C92C127A3F81D00D849F2 /* ViewController.swift in Sources */ = {isa = PBXBuildFile; fileRef = 220C92C027A3F81D00D849F2 /* ViewController.swift */; };
		220C92C427A3F81D00D849F2 /* Main.storyboard in Resources */ = {isa = PBXBuildFile; fileRef = 220C92C227A3F81D00D849F2 /* Main.storyboard */; };
		220C92C627A3F82000D849F2 /* Assets.xcassets in Resources */ = {isa = PBXBuildFile; fileRef = 220C92C527A3F82000D849F2 /* Assets.xcassets */; };
		220C92C927A3F82000D849F2 /* LaunchScreen.storyboard in Resources */ = {isa = PBXBuildFile; fileRef = 220C92C727A3F82000D849F2 /* LaunchScreen.storyboard */; };
		220C92D127A52E5000D849F2 /* PrayerTimeManager.swift in Sources */ = {isa = PBXBuildFile; fileRef = 220C92D027A52E4F00D849F2 /* PrayerTimeManager.swift */; };
		220C92D327A53C2B00D849F2 /* PrayerData.swift in Sources */ = {isa = PBXBuildFile; fileRef = 220C92D227A53C2B00D849F2 /* PrayerData.swift */; };
		220C92D827A5465400D849F2 /* PrayerTimeModel.swift in Sources */ = {isa = PBXBuildFile; fileRef = 220C92D727A5465400D849F2 /* PrayerTimeModel.swift */; };
/* End PBXBuildFile section */

/* Begin PBXFileReference section */
		220C92B927A3F81D00D849F2 /* Sajda (copy).app */ = {isa = PBXFileReference; explicitFileType = wrapper.application; includeInIndex = 0; path = "Sajda (copy).app"; sourceTree = BUILT_PRODUCTS_DIR; };
		220C92BC27A3F81D00D849F2 /* AppDelegate.swift */ = {isa = PBXFileReference; lastKnownFileType = sourcecode.swift; path = AppDelegate.swift; sourceTree = "<group>"; };
		220C92BE27A3F81D00D849F2 /* SceneDelegate.swift */ = {isa = PBXFileReference; lastKnownFileType = sourcecode.swift; path = SceneDelegate.swift; sourceTree = "<group>"; };
		220C92C027A3F81D00D849F2 /* ViewController.swift */ = {isa = PBXFileReference; lastKnownFileType = sourcecode.swift; path = ViewController.swift; sourceTree = "<group>"; };
		220C92C327A3F81D00D849F2 /* Base */ = {isa = PBXFileReference; lastKnownFileType = file.storyboard; name = Base; path = Base.lproj/Main.storyboard; sourceTree = "<group>"; };
		220C92C527A3F82000D849F2 /* Assets.xcassets */ = {isa = PBXFileReference; lastKnownFileType = folder.assetcatalog; path = Assets.xcassets; sourceTree = "<group>"; };
		220C92C827A3F82000D849F2 /* Base */ = {isa = PBXFileReference; lastKnownFileType = file.storyboard; name = Base; path = Base.lproj/LaunchScreen.storyboard; sourceTree = "<group>"; };
		220C92CA27A3F82000D849F2 /* Info.plist */ = {isa = PBXFileReference; lastKnownFileType = text.plist.xml; path = Info.plist; sourceTree = "<group>"; };
		220C92D027A52E4F00D849F2 /* PrayerTimeManager.swift */ = {isa = PBXFileReference; lastKnownFileType = sourcecode.swift; path = PrayerTimeManager.swift; sourceTree = "<group>"; };
		220C92D227A53C2B00D849F2 /* PrayerData.swift */ = {isa = PBXFileReference; lastKnownFileType = sourcecode.swift; path = PrayerData.swift; sourceTree = "<group>"; };
		220C92D727A5465400D849F2 /* PrayerTimeModel.swift */ = {isa = PBXFileReference; lastKnownFileType = sourcecode.swift; path = PrayerTimeModel.swift; sourceTree = "<group>"; };
/* End PBXFileReference section */

/* Begin PBXFrameworksBuildPhase section */
		220C92B627A3F81D00D849F2 /* Frameworks */ = {
			isa = PBXFrameworksBuildPhase;
			buildActionMask = 2147483647;
			files = (
			);
			runOnlyForDeploymentPostprocessing = 0;
		};
/* End PBXFrameworksBuildPhase section */

/* Begin PBXGroup section */
		220C92B027A3F81D00D849F2 = {
			isa = PBXGroup;
			children = (
				220C92BB27A3F81D00D849F2 /* Sajda (copy) */,
				220C92BA27A3F81D00D849F2 /* Products */,
			);
			sourceTree = "<group>";
		};
		220C92BA27A3F81D00D849F2 /* Products */ = {
			isa = PBXGroup;
			children = (
				220C92B927A3F81D00D849F2 /* Sajda (copy).app */,
			);
			name = Products;
			sourceTree = "<group>";
		};
		220C92BB27A3F81D00D849F2 /* Sajda (copy) */ = {
			isa = PBXGroup;
			children = (
				220C92BC27A3F81D00D849F2 /* AppDelegate.swift */,
				220C92BE27A3F81D00D849F2 /* SceneDelegate.swift */,
				220C92D427A543D700D849F2 /* ViewController */,
				220C92D627A543F500D849F2 /* Models */,
				220C92D527A543E800D849F2 /* Views */,
				220C92C527A3F82000D849F2 /* Assets.xcassets */,
				220C92C727A3F82000D849F2 /* LaunchScreen.storyboard */,
				220C92CA27A3F82000D849F2 /* Info.plist */,
			);
			path = "Sajda (copy)";
			sourceTree = "<group>";
		};
		220C92D427A543D700D849F2 /* ViewController */ = {
			isa = PBXGroup;
			children = (
				220C92C027A3F81D00D849F2 /* ViewController.swift */,
			);
			path = ViewController;
			sourceTree = "<group>";
		};
		220C92D527A543E800D849F2 /* Views */ = {
			isa = PBXGroup;
			children = (
				220C92C227A3F81D00D849F2 /* Main.storyboard */,
			);
			path = Views;
			sourceTree = "<group>";
		};
		220C92D627A543F500D849F2 /* Models */ = {
			isa = PBXGroup;
			children = (
				220C92D027A52E4F00D849F2 /* PrayerTimeManager.swift */,
				220C92D227A53C2B00D849F2 /* PrayerData.swift */,
				220C92D727A5465400D849F2 /* PrayerTimeModel.swift */,
			);
			path = Models;
			sourceTree = "<group>";
		};
/* End PBXGroup section */

/* Begin PBXNativeTarget section */
		220C92B827A3F81D00D849F2 /* Sajda (copy) */ = {
			isa = PBXNativeTarget;
			buildConfigurationList = 220C92CD27A3F82000D849F2 /* Build configuration list for PBXNativeTarget "Sajda (copy)" */;
			buildPhases = (
				220C92B527A3F81D00D849F2 /* Sources */,
				220C92B627A3F81D00D849F2 /* Frameworks */,
				220C92B727A3F81D00D849F2 /* Resources */,
			);
			buildRules = (
			);
			dependencies = (
			);
			name = "Sajda (copy)";
			productName = "Sajda (copy)";
			productReference = 220C92B927A3F81D00D849F2 /* Sajda (copy).app */;
			productType = "com.apple.product-type.application";
		};
/* End PBXNativeTarget section */

/* Begin PBXProject section */
		220C92B127A3F81D00D849F2 /* Project object */ = {
			isa = PBXProject;
			attributes = {
				BuildIndependentTargetsInParallel = 1;
				LastSwiftUpdateCheck = 1300;
				LastUpgradeCheck = 1300;
				TargetAttributes = {
					220C92B827A3F81D00D849F2 = {
						CreatedOnToolsVersion = 13.0;
					};
				};
			};
			buildConfigurationList = 220C92B427A3F81D00D849F2 /* Build configuration list for PBXProject "Sajda (copy)" */;
			compatibilityVersion = "Xcode 13.0";
			developmentRegion = en;
			hasScannedForEncodings = 0;
			knownRegions = (
				en,
				Base,
			);
			mainGroup = 220C92B027A3F81D00D849F2;
			productRefGroup = 220C92BA27A3F81D00D849F2 /* Products */;
			projectDirPath = "";
			projectRoot = "";
			targets = (
				220C92B827A3F81D00D849F2 /* Sajda (copy) */,
			);
		};
/* End PBXProject section */

/* Begin PBXResourcesBuildPhase section */
		220C92B727A3F81D00D849F2 /* Resources */ = {
			isa = PBXResourcesBuildPhase;
			buildActionMask = 2147483647;
			files = (
				220C92C927A3F82000D849F2 /* LaunchScreen.storyboard in Resources */,
				220C92C627A3F82000D849F2 /* Assets.xcassets in Resources */,
				220C92C427A3F81D00D849F2 /* Main.storyboard in Resources */,
			);
			runOnlyForDeploymentPostprocessing = 0;
		};
/* End PBXResourcesBuildPhase section */

/* Begin PBXSourcesBuildPhase section */
		220C92B527A3F81D00D849F2 /* Sources */ = {
			isa = PBXSourcesBuildPhase;
			buildActionMask = 2147483647;
			files = (
				220C92C127A3F81D00D849F2 /* ViewController.swift in Sources */,
				220C92D827A5465400D849F2 /* PrayerTimeModel.swift in Sources */,
				220C92BD27A3F81D00D849F2 /* AppDelegate.swift in Sources */,
				220C92BF27A3F81D00D849F2 /* SceneDelegate.swift in Sources */,
				220C92D327A53C2B00D849F2 /* PrayerData.swift in Sources */,
				220C92D127A52E5000D849F2 /* PrayerTimeManager.swift in Sources */,
			);
			runOnlyForDeploymentPostprocessing = 0;
		};
/* End PBXSourcesBuildPhase section */

/* Begin PBXVariantGroup section */
		220C92C227A3F81D00D849F2 /* Main.storyboard */ = {
			isa = PBXVariantGroup;
			children = (
				220C92C327A3F81D00D849F2 /* Base */,
			);
			name = Main.storyboard;
			sourceTree = "<group>";
		};
		220C92C727A3F82000D849F2 /* LaunchScreen.storyboard */ = {
			isa = PBXVariantGroup;
			children = (
				220C92C827A3F82000D849F2 /* Base */,
			);
			name = LaunchScreen.storyboard;
			sourceTree = "<group>";
		};
/* End PBXVariantGroup section */

/* Begin XCBuildConfiguration section */
		220C92CB27A3F82000D849F2 /* Debug */ = {
			isa = XCBuildConfiguration;
			buildSettings = {
				ALWAYS_SEARCH_USER_PATHS = NO;
				CLANG_ANALYZER_NONNULL = YES;
				CLANG_ANALYZER_NUMBER_OBJECT_CONVERSION = YES_AGGRESSIVE;
				CLANG_CXX_LANGUAGE_STANDARD = "gnu++17";
				CLANG_CXX_LIBRARY = "libc++";
				CLANG_ENABLE_MODULES = YES;
				CLANG_ENABLE_OBJC_ARC = YES;
				CLANG_ENABLE_OBJC_WEAK = YES;
				CLANG_WARN_BLOCK_CAPTURE_AUTORELEASING = YES;
				CLANG_WARN_BOOL_CONVERSION = YES;
				CLANG_WARN_COMMA = YES;
				CLANG_WARN_CONSTANT_CONVERSION = YES;
				CLANG_WARN_DEPRECATED_OBJC_IMPLEMENTATIONS = YES;
				CLANG_WARN_DIRECT_OBJC_ISA_USAGE = YES_ERROR;
				CLANG_WARN_DOCUMENTATION_COMMENTS = YES;
				CLANG_WARN_EMPTY_BODY = YES;
				CLANG_WARN_ENUM_CONVERSION = YES;
				CLANG_WARN_INFINITE_RECURSION = YES;
				CLANG_WARN_INT_CONVERSION = YES;
				CLANG_WARN_NON_LITERAL_NULL_CONVERSION = YES;
				CLANG_WARN_OBJC_IMPLICIT_RETAIN_SELF = YES;
				CLANG_WARN_OBJC_LITERAL_CONVERSION = YES;
				CLANG_WARN_OBJC_ROOT_CLASS = YES_ERROR;
				CLANG_WARN_QUOTED_INCLUDE_IN_FRAMEWORK_HEADER = YES;
				CLANG_WARN_RANGE_LOOP_ANALYSIS = YES;
				CLANG_WARN_STRICT_PROTOTYPES = YES;
				CLANG_WARN_SUSPICIOUS_MOVE = YES;
				CLANG_WARN_UNGUARDED_AVAILABILITY = YES_AGGRESSIVE;
				CLANG_WARN_UNREACHABLE_CODE = YES;
				CLANG_WARN__DUPLICATE_METHOD_MATCH = YES;
				COPY_PHASE_STRIP = NO;
				DEBUG_INFORMATION_FORMAT = dwarf;
				ENABLE_STRICT_OBJC_MSGSEND = YES;
				ENABLE_TESTABILITY = YES;
				GCC_C_LANGUAGE_STANDARD = gnu11;
				GCC_DYNAMIC_NO_PIC = NO;
				GCC_NO_COMMON_BLOCKS = YES;
				GCC_OPTIMIZATION_LEVEL = 0;
				GCC_PREPROCESSOR_DEFINITIONS = (
					"DEBUG=1",
					"$(inherited)",
				);
				GCC_WARN_64_TO_32_BIT_CONVERSION = YES;
				GCC_WARN_ABOUT_RETURN_TYPE = YES_ERROR;
				GCC_WARN_UNDECLARED_SELECTOR = YES;
				GCC_WARN_UNINITIALIZED_AUTOS = YES_AGGRESSIVE;
				GCC_WARN_UNUSED_FUNCTION = YES;
				GCC_WARN_UNUSED_VARIABLE = YES;
				IPHONEOS_DEPLOYMENT_TARGET = 15.0;
				MTL_ENABLE_DEBUG_INFO = INCLUDE_SOURCE;
				MTL_FAST_MATH = YES;
				ONLY_ACTIVE_ARCH = YES;
				SDKROOT = iphoneos;
				SWIFT_ACTIVE_COMPILATION_CONDITIONS = DEBUG;
				SWIFT_OPTIMIZATION_LEVEL = "-Onone";
			};
			name = Debug;
		};
		220C92CC27A3F82000D849F2 /* Release */ = {
			isa = XCBuildConfiguration;
			buildSettings = {
				ALWAYS_SEARCH_USER_PATHS = NO;
				CLANG_ANALYZER_NONNULL = YES;
				CLANG_ANALYZER_NUMBER_OBJECT_CONVERSION = YES_AGGRESSIVE;
				CLANG_CXX_LANGUAGE_STANDARD = "gnu++17";
				CLANG_CXX_LIBRARY = "libc++";
				CLANG_ENABLE_MODULES = YES;
				CLANG_ENABLE_OBJC_ARC = YES;
				CLANG_ENABLE_OBJC_WEAK = YES;
				CLANG_WARN_BLOCK_CAPTURE_AUTORELEASING = YES;
				CLANG_WARN_BOOL_CONVERSION = YES;
				CLANG_WARN_COMMA = YES;
				CLANG_WARN_CONSTANT_CONVERSION = YES;
				CLANG_WARN_DEPRECATED_OBJC_IMPLEMENTATIONS = YES;
				CLANG_WARN_DIRECT_OBJC_ISA_USAGE = YES_ERROR;
				CLANG_WARN_DOCUMENTATION_COMMENTS = YES;
				CLANG_WARN_EMPTY_BODY = YES;
				CLANG_WARN_ENUM_CONVERSION = YES;
				CLANG_WARN_INFINITE_RECURSION = YES;
				CLANG_WARN_INT_CONVERSION = YES;
				CLANG_WARN_NON_LITERAL_NULL_CONVERSION = YES;
				CLANG_WARN_OBJC_IMPLICIT_RETAIN_SELF = YES;
				CLANG_WARN_OBJC_LITERAL_CONVERSION = YES;
				CLANG_WARN_OBJC_ROOT_CLASS = YES_ERROR;
				CLANG_WARN_QUOTED_INCLUDE_IN_FRAMEWORK_HEADER = YES;
				CLANG_WARN_RANGE_LOOP_ANALYSIS = YES;
				CLANG_WARN_STRICT_PROTOTYPES = YES;
				CLANG_WARN_SUSPICIOUS_MOVE = YES;
				CLANG_WARN_UNGUARDED_AVAILABILITY = YES_AGGRESSIVE;
				CLANG_WARN_UNREACHABLE_CODE = YES;
				CLANG_WARN__DUPLICATE_METHOD_MATCH = YES;
				COPY_PHASE_STRIP = NO;
				DEBUG_INFORMATION_FORMAT = "dwarf-with-dsym";
				ENABLE_NS_ASSERTIONS = NO;
				ENABLE_STRICT_OBJC_MSGSEND = YES;
				GCC_C_LANGUAGE_STANDARD = gnu11;
				GCC_NO_COMMON_BLOCKS = YES;
				GCC_WARN_64_TO_32_BIT_CONVERSION = YES;
				GCC_WARN_ABOUT_RETURN_TYPE = YES_ERROR;
				GCC_WARN_UNDECLARED_SELECTOR = YES;
				GCC_WARN_UNINITIALIZED_AUTOS = YES_AGGRESSIVE;
				GCC_WARN_UNUSED_FUNCTION = YES;
				GCC_WARN_UNUSED_VARIABLE = YES;
				IPHONEOS_DEPLOYMENT_TARGET = 15.0;
				MTL_ENABLE_DEBUG_INFO = NO;
				MTL_FAST_MATH = YES;
				SDKROOT = iphoneos;
				SWIFT_COMPILATION_MODE = wholemodule;
				SWIFT_OPTIMIZATION_LEVEL = "-O";
				VALIDATE_PRODUCT = YES;
			};
			name = Release;
		};
		220C92CE27A3F82000D849F2 /* Debug */ = {
			isa = XCBuildConfiguration;
			buildSettings = {
				ASSETCATALOG_COMPILER_APPICON_NAME = AppIcon;
				ASSETCATALOG_COMPILER_GLOBAL_ACCENT_COLOR_NAME = AccentColor;
				CODE_SIGN_STYLE = Automatic;
				CURRENT_PROJECT_VERSION = 1;
				DEVELOPMENT_TEAM = 3V69YAS47D;
				GENERATE_INFOPLIST_FILE = YES;
				INFOPLIST_FILE = "Sajda (copy)/Info.plist";
				INFOPLIST_KEY_UIApplicationSupportsIndirectInputEvents = YES;
				INFOPLIST_KEY_UILaunchStoryboardName = LaunchScreen;
				INFOPLIST_KEY_UIMainStoryboardFile = Main;
				INFOPLIST_KEY_UISupportedInterfaceOrientations_iPad = "UIInterfaceOrientationPortrait UIInterfaceOrientationPortraitUpsideDown UIInterfaceOrientationLandscapeLeft UIInterfaceOrientationLandscapeRight";
				INFOPLIST_KEY_UISupportedInterfaceOrientations_iPhone = "UIInterfaceOrientationPortrait UIInterfaceOrientationLandscapeLeft UIInterfaceOrientationLandscapeRight";
				LD_RUNPATH_SEARCH_PATHS = (
					"$(inherited)",
					"@executable_path/Frameworks",
				);
				MARKETING_VERSION = 1.0;
				PRODUCT_BUNDLE_IDENTIFIER = "com.kussainov.Sajda--copy-";
				PRODUCT_NAME = "$(TARGET_NAME)";
				SWIFT_EMIT_LOC_STRINGS = YES;
				SWIFT_VERSION = 5.0;
				TARGETED_DEVICE_FAMILY = "1,2";
			};
			name = Debug;
		};
		220C92CF27A3F82000D849F2 /* Release */ = {
			isa = XCBuildConfiguration;
			buildSettings = {
				ASSETCATALOG_COMPILER_APPICON_NAME = AppIcon;
				ASSETCATALOG_COMPILER_GLOBAL_ACCENT_COLOR_NAME = AccentColor;
				CODE_SIGN_STYLE = Automatic;
				CURRENT_PROJECT_VERSION = 1;
				DEVELOPMENT_TEAM = 3V69YAS47D;
				GENERATE_INFOPLIST_FILE = YES;
				INFOPLIST_FILE = "Sajda (copy)/Info.plist";
				INFOPLIST_KEY_UIApplicationSupportsIndirectInputEvents = YES;
				INFOPLIST_KEY_UILaunchStoryboardName = LaunchScreen;
				INFOPLIST_KEY_UIMainStoryboardFile = Main;
				INFOPLIST_KEY_UISupportedInterfaceOrientations_iPad = "UIInterfaceOrientationPortrait UIInterfaceOrientationPortraitUpsideDown UIInterfaceOrientationLandscapeLeft UIInterfaceOrientationLandscapeRight";
				INFOPLIST_KEY_UISupportedInterfaceOrientations_iPhone = "UIInterfaceOrientationPortrait UIInterfaceOrientationLandscapeLeft UIInterfaceOrientationLandscapeRight";
				LD_RUNPATH_SEARCH_PATHS = (
					"$(inherited)",
					"@executable_path/Frameworks",
				);
				MARKETING_VERSION = 1.0;
				PRODUCT_BUNDLE_IDENTIFIER = "com.kussainov.Sajda--copy-";
				PRODUCT_NAME = "$(TARGET_NAME)";
				SWIFT_EMIT_LOC_STRINGS = YES;
				SWIFT_VERSION = 5.0;
				TARGETED_DEVICE_FAMILY = "1,2";
			};
			name = Release;
		};
/* End XCBuildConfiguration section */

/* Begin XCConfigurationList section */
		220C92B427A3F81D00D849F2 /* Build configuration list for PBXProject "Sajda (copy)" */ = {
			isa = XCConfigurationList;
			buildConfigurations = (
				220C92CB27A3F82000D849F2 /* Debug */,
				220C92CC27A3F82000D849F2 /* Release */,
			);
			defaultConfigurationIsVisible = 0;
			defaultConfigurationName = Release;
		};
		220C92CD27A3F82000D849F2 /* Build configuration list for PBXNativeTarget "Sajda (copy)" */ = {
			isa = XCConfigurationList;
			buildConfigurations = (
				220C92CE27A3F82000D849F2 /* Debug */,
				220C92CF27A3F82000D849F2 /* Release */,
			);
			defaultConfigurationIsVisible = 0;
			defaultConfigurationName = Release;
		};
/* End XCConfigurationList section */
	};
	rootObject = 220C92B127A3F81D00D849F2 /* Project object */;
}
